PODS:
  - ECSlidingViewController (2.0.3)
  - iCarousel (1.7.6)
  - STTwitter (0.2.5)
  - youtube-ios-player-helper (0.1.6)

DEPENDENCIES:
  - ECSlidingViewController (~> 2.0.2)
  - iCarousel (~> 1.7.6)
  - STTwitter (~> 0.2.2)
  - youtube-ios-player-helper (~> 0.1.6)

SPEC CHECKSUMS:
  ECSlidingViewController: 6485c14f23b4487e9946535421ca8f111f86cc53
  iCarousel: ddd7f142c7c2f3429b0ce5fb8ea37f4a059394cd
  STTwitter: 5c157e8dcb4f0e4cf5b4374393021b7d7b7fd497
  youtube-ios-player-helper: 21ab92db027c7ff86cb17a3843a3f6eafc8158d2

PODFILE CHECKSUM: 0d3bac62a699d2e1c01c65ad35844db3e09d7dfe

COCOAPODS: 1.2.1
