// !$*UTF8*$!
{
	archiveVersion = 1;
	classes = {
	};
	objectVersion = 46;
	objects = {

/* Begin PBXBuildFile section */
		200E9C9150BC84C498AF07E2 /* Pods_ArmiesSwift.framework in Frameworks */ = {isa = PBXBuildFile; fileRef = DB29731A17BBA11E8B7061D7 /* Pods_ArmiesSwift.framework */; };
		28614F5F1BA60B780095FC87 /* ARViewController.swift in Sources */ = {isa = PBXBuildFile; fileRef = 28614F5E1BA60B780095FC87 /* ARViewController.swift */; };
		28AAF2E41BA38BF00079A936 /* ARAppDelegate.swift in Sources */ = {isa = PBXBuildFile; fileRef = 28AAF2E31BA38BF00079A936 /* ARAppDelegate.swift */; };
		28AAF2E91BA38BF00079A936 /* Main.storyboard in Resources */ = {isa = PBXBuildFile; fileRef = 28AAF2E71BA38BF00079A936 /* Main.storyboard */; };
		28AAF2EB1BA38BF00079A936 /* Images.xcassets in Resources */ = {isa = PBXBuildFile; fileRef = 28AAF2EA1BA38BF00079A936 /* Images.xcassets */; };
		28AAF2EE1BA38BF00079A936 /* LaunchScreen.xib in Resources */ = {isa = PBXBuildFile; fileRef = 28AAF2EC1BA38BF00079A936 /* LaunchScreen.xib */; };
		28AAF3071BA3992F0079A936 /* ARMenuViewController.swift in Sources */ = {isa = PBXBuildFile; fileRef = 28AAF3061BA3992F0079A936 /* ARMenuViewController.swift */; };
		28AAF30A1BA399720079A936 /* ARHomeViewController.swift in Sources */ = {isa = PBXBuildFile; fileRef = 28AAF3091BA399720079A936 /* ARHomeViewController.swift */; };
		28AAF30C1BA399970079A936 /* ARBiographyViewController.swift in Sources */ = {isa = PBXBuildFile; fileRef = 28AAF30B1BA399970079A936 /* ARBiographyViewController.swift */; };
		28AAF30E1BA399B50079A936 /* ARVideosViewController.swift in Sources */ = {isa = PBXBuildFile; fileRef = 28AAF30D1BA399B50079A936 /* ARVideosViewController.swift */; };
		28AAF3101BA399DD0079A936 /* ARImagesViewController.swift in Sources */ = {isa = PBXBuildFile; fileRef = 28AAF30F1BA399DD0079A936 /* ARImagesViewController.swift */; };
		28AAF3121BA39A010079A936 /* ARInstagramViewController.swift in Sources */ = {isa = PBXBuildFile; fileRef = 28AAF3111BA39A010079A936 /* ARInstagramViewController.swift */; };
		28AAF3141BA39A280079A936 /* ARSettingsViewController.swift in Sources */ = {isa = PBXBuildFile; fileRef = 28AAF3131BA39A280079A936 /* ARSettingsViewController.swift */; };
		28AAF3161BA39A510079A936 /* ARTwitterViewController.swift in Sources */ = {isa = PBXBuildFile; fileRef = 28AAF3151BA39A510079A936 /* ARTwitterViewController.swift */; };
		28AAF31F1BA39CFB0079A936 /* Localizable.strings in Resources */ = {isa = PBXBuildFile; fileRef = 28AAF3211BA39CFB0079A936 /* Localizable.strings */; };
		28AAF3251BA3A3C30079A936 /* ARConstants.swift in Sources */ = {isa = PBXBuildFile; fileRef = 28AAF3241BA3A3C30079A936 /* ARConstants.swift */; };
		28F0B5F31BC054DA006D0A7A /* ARProfileViewCell.swift in Sources */ = {isa = PBXBuildFile; fileRef = 28F0B5F21BC054DA006D0A7A /* ARProfileViewCell.swift */; };
		28F0B5F61BC05A7D006D0A7A /* ARInfosCell.swift in Sources */ = {isa = PBXBuildFile; fileRef = 28F0B5F51BC05A7D006D0A7A /* ARInfosCell.swift */; };
		28F0B5F81BC05A9C006D0A7A /* ARImagesCell.swift in Sources */ = {isa = PBXBuildFile; fileRef = 28F0B5F71BC05A9C006D0A7A /* ARImagesCell.swift */; };
		28F0B5FC1BC05ACD006D0A7A /* ARVideosCell.swift in Sources */ = {isa = PBXBuildFile; fileRef = 28F0B5FB1BC05ACD006D0A7A /* ARVideosCell.swift */; };
		28F0B5FF1BC085D2006D0A7A /* ARSkaterCell.swift in Sources */ = {isa = PBXBuildFile; fileRef = 28F0B5FE1BC085D2006D0A7A /* ARSkaterCell.swift */; };
		28F0B6011BC08740006D0A7A /* ARListBiographiesViewController.swift in Sources */ = {isa = PBXBuildFile; fileRef = 28F0B6001BC08740006D0A7A /* ARListBiographiesViewController.swift */; };
		28F0B6031BC14D7E006D0A7A /* ARMenuCell.swift in Sources */ = {isa = PBXBuildFile; fileRef = 28F0B6021BC14D7E006D0A7A /* ARMenuCell.swift */; };
		28F0B6071BC153CD006D0A7A /* ARExtensions.swift in Sources */ = {isa = PBXBuildFile; fileRef = 28F0B6061BC153CD006D0A7A /* ARExtensions.swift */; };
		28F0B60A1BC15742006D0A7A /* ARSkater.swift in Sources */ = {isa = PBXBuildFile; fileRef = 28F0B6091BC15742006D0A7A /* ARSkater.swift */; };
		B64B61C01BE6C89A0074E029 /* Accounts.framework in Frameworks */ = {isa = PBXBuildFile; fileRef = B64B61BF1BE6C89A0074E029 /* Accounts.framework */; };
		B64B61C21BE6C8A00074E029 /* Twitter.framework in Frameworks */ = {isa = PBXBuildFile; fileRef = B64B61C11BE6C8A00074E029 /* Twitter.framework */; };
		B64B61C41BE6C8A70074E029 /* Social.framework in Frameworks */ = {isa = PBXBuildFile; fileRef = B64B61C31BE6C8A70074E029 /* Social.framework */; };
		B64B61C61BE6C8B10074E029 /* Security.framework in Frameworks */ = {isa = PBXBuildFile; fileRef = B64B61C51BE6C8B10074E029 /* Security.framework */; };
		B64B61C81BE6D29C0074E029 /* ARTwitter.swift in Sources */ = {isa = PBXBuildFile; fileRef = B64B61C71BE6D29C0074E029 /* ARTwitter.swift */; };
		B64B61CA1BE6DC2A0074E029 /* ARTwitterCell.swift in Sources */ = {isa = PBXBuildFile; fileRef = B64B61C91BE6DC2A0074E029 /* ARTwitterCell.swift */; };
		B64B61CC1BE8D6210074E029 /* ARImageCell.swift in Sources */ = {isa = PBXBuildFile; fileRef = B64B61CB1BE8D6210074E029 /* ARImageCell.swift */; };
		B64B61D11BE8E2D10074E029 /* MuestraCarousel.jpg in Resources */ = {isa = PBXBuildFile; fileRef = B64B61CE1BE8E2D10074E029 /* MuestraCarousel.jpg */; };
		B64B61D21BE8E2D10074E029 /* photo.jpg in Resources */ = {isa = PBXBuildFile; fileRef = B64B61CF1BE8E2D10074E029 /* photo.jpg */; };
		B64B61D31BE8E2D10074E029 /* reniArmies.jpg in Resources */ = {isa = PBXBuildFile; fileRef = B64B61D01BE8E2D10074E029 /* reniArmies.jpg */; };
		B64B61DA1BE8E33A0074E029 /* ArmiesAll.jpg in Resources */ = {isa = PBXBuildFile; fileRef = B64B61D51BE8E33A0074E029 /* ArmiesAll.jpg */; };
		B64B61DB1BE8E33A0074E029 /* ArmiesAll1.jpg in Resources */ = {isa = PBXBuildFile; fileRef = B64B61D61BE8E33A0074E029 /* ArmiesAll1.jpg */; };
		B64B61DC1BE8E33A0074E029 /* ArmiesAll2.jpg in Resources */ = {isa = PBXBuildFile; fileRef = B64B61D71BE8E33A0074E029 /* ArmiesAll2.jpg */; };
		B64B61DD1BE8E33A0074E029 /* ArmiesAll3.jpg in Resources */ = {isa = PBXBuildFile; fileRef = B64B61D81BE8E33A0074E029 /* ArmiesAll3.jpg */; };
		B64B61DE1BE8E33A0074E029 /* ArmiesAll4.jpg in Resources */ = {isa = PBXBuildFile; fileRef = B64B61D91BE8E33A0074E029 /* ArmiesAll4.jpg */; };
		B64B61F61BE8E3430074E029 /* InstagramArmies1.jpg in Resources */ = {isa = PBXBuildFile; fileRef = B64B61E01BE8E3430074E029 /* InstagramArmies1.jpg */; };
		B64B61F71BE8E3430074E029 /* InstagramArmies10.jpg in Resources */ = {isa = PBXBuildFile; fileRef = B64B61E11BE8E3430074E029 /* InstagramArmies10.jpg */; };
		B64B61F81BE8E3430074E029 /* InstagramArmies11.jpg in Resources */ = {isa = PBXBuildFile; fileRef = B64B61E21BE8E3430074E029 /* InstagramArmies11.jpg */; };
		B64B61F91BE8E3430074E029 /* InstagramArmies12.jpg in Resources */ = {isa = PBXBuildFile; fileRef = B64B61E31BE8E3430074E029 /* InstagramArmies12.jpg */; };
		B64B61FA1BE8E3430074E029 /* InstagramArmies13.jpg in Resources */ = {isa = PBXBuildFile; fileRef = B64B61E41BE8E3430074E029 /* InstagramArmies13.jpg */; };
		B64B61FB1BE8E3430074E029 /* InstagramArmies14.jpg in Resources */ = {isa = PBXBuildFile; fileRef = B64B61E51BE8E3430074E029 /* InstagramArmies14.jpg */; };
		B64B61FC1BE8E3430074E029 /* InstagramArmies15.jpg in Resources */ = {isa = PBXBuildFile; fileRef = B64B61E61BE8E3430074E029 /* InstagramArmies15.jpg */; };
		B64B61FD1BE8E3430074E029 /* InstagramArmies16.jpg in Resources */ = {isa = PBXBuildFile; fileRef = B64B61E71BE8E3430074E029 /* InstagramArmies16.jpg */; };
		B64B61FE1BE8E3430074E029 /* InstagramArmies17.jpg in Resources */ = {isa = PBXBuildFile; fileRef = B64B61E81BE8E3430074E029 /* InstagramArmies17.jpg */; };
		B64B61FF1BE8E3430074E029 /* InstagramArmies18.jpg in Resources */ = {isa = PBXBuildFile; fileRef = B64B61E91BE8E3430074E029 /* InstagramArmies18.jpg */; };
		B64B62001BE8E3430074E029 /* InstagramArmies19.jpg in Resources */ = {isa = PBXBuildFile; fileRef = B64B61EA1BE8E3430074E029 /* InstagramArmies19.jpg */; };
		B64B62011BE8E3430074E029 /* InstagramArmies2.jpg in Resources */ = {isa = PBXBuildFile; fileRef = B64B61EB1BE8E3430074E029 /* InstagramArmies2.jpg */; };
		B64B62021BE8E3430074E029 /* InstagramArmies20.jpg in Resources */ = {isa = PBXBuildFile; fileRef = B64B61EC1BE8E3430074E029 /* InstagramArmies20.jpg */; };
		B64B62031BE8E3430074E029 /* InstagramArmies21.jpg in Resources */ = {isa = PBXBuildFile; fileRef = B64B61ED1BE8E3430074E029 /* InstagramArmies21.jpg */; };
		B64B62041BE8E3430074E029 /* InstagramArmies22.jpg in Resources */ = {isa = PBXBuildFile; fileRef = B64B61EE1BE8E3430074E029 /* InstagramArmies22.jpg */; };
		B64B62051BE8E3430074E029 /* InstagramArmies3.jpg in Resources */ = {isa = PBXBuildFile; fileRef = B64B61EF1BE8E3430074E029 /* InstagramArmies3.jpg */; };
		B64B62061BE8E3430074E029 /* InstagramArmies4.jpg in Resources */ = {isa = PBXBuildFile; fileRef = B64B61F01BE8E3430074E029 /* InstagramArmies4.jpg */; };
		B64B62071BE8E3430074E029 /* InstagramArmies5.jpg in Resources */ = {isa = PBXBuildFile; fileRef = B64B61F11BE8E3430074E029 /* InstagramArmies5.jpg */; };
		B64B62081BE8E3430074E029 /* InstagramArmies6.jpg in Resources */ = {isa = PBXBuildFile; fileRef = B64B61F21BE8E3430074E029 /* InstagramArmies6.jpg */; };
		B64B62091BE8E3430074E029 /* InstagramArmies7.jpg in Resources */ = {isa = PBXBuildFile; fileRef = B64B61F31BE8E3430074E029 /* InstagramArmies7.jpg */; };
		B64B620A1BE8E3430074E029 /* InstagramArmies8.jpg in Resources */ = {isa = PBXBuildFile; fileRef = B64B61F41BE8E3430074E029 /* InstagramArmies8.jpg */; };
		B64B620B1BE8E3430074E029 /* InstagramArmies9.jpg in Resources */ = {isa = PBXBuildFile; fileRef = B64B61F51BE8E3430074E029 /* InstagramArmies9.jpg */; };
/* End PBXBuildFile section */

/* Begin PBXFileReference section */
		28614F5E1BA60B780095FC87 /* ARViewController.swift */ = {isa = PBXFileReference; fileEncoding = 4; lastKnownFileType = sourcecode.swift; name = ARViewController.swift; path = ViewControllers/ARViewController.swift; sourceTree = "<group>"; };
		28AAF2DE1BA38BF00079A936 /* ArmiesSwift.app */ = {isa = PBXFileReference; explicitFileType = wrapper.application; includeInIndex = 0; path = ArmiesSwift.app; sourceTree = BUILT_PRODUCTS_DIR; };
		28AAF2E21BA38BF00079A936 /* Info.plist */ = {isa = PBXFileReference; lastKnownFileType = text.plist.xml; path = Info.plist; sourceTree = "<group>"; };
		28AAF2E31BA38BF00079A936 /* ARAppDelegate.swift */ = {isa = PBXFileReference; lastKnownFileType = sourcecode.swift; path = ARAppDelegate.swift; sourceTree = "<group>"; };
		28AAF2E81BA38BF00079A936 /* Base */ = {isa = PBXFileReference; lastKnownFileType = file.storyboard; name = Base; path = Base.lproj/Main.storyboard; sourceTree = "<group>"; };
		28AAF2EA1BA38BF00079A936 /* Images.xcassets */ = {isa = PBXFileReference; lastKnownFileType = folder.assetcatalog; path = Images.xcassets; sourceTree = "<group>"; };
		28AAF2ED1BA38BF00079A936 /* Base */ = {isa = PBXFileReference; lastKnownFileType = file.xib; name = Base; path = Base.lproj/LaunchScreen.xib; sourceTree = "<group>"; };
		28AAF3041BA38FD70079A936 /* Armies-Bridging-Header.h */ = {isa = PBXFileReference; fileEncoding = 4; lastKnownFileType = sourcecode.c.h; name = "Armies-Bridging-Header.h"; path = "Headers/Armies-Bridging-Header.h"; sourceTree = "<group>"; };
		28AAF3061BA3992F0079A936 /* ARMenuViewController.swift */ = {isa = PBXFileReference; fileEncoding = 4; lastKnownFileType = sourcecode.swift; name = ARMenuViewController.swift; path = ViewControllers/ARMenuViewController.swift; sourceTree = "<group>"; };
		28AAF3091BA399720079A936 /* ARHomeViewController.swift */ = {isa = PBXFileReference; fileEncoding = 4; lastKnownFileType = sourcecode.swift; name = ARHomeViewController.swift; path = ViewControllers/ARHomeViewController.swift; sourceTree = "<group>"; };
		28AAF30B1BA399970079A936 /* ARBiographyViewController.swift */ = {isa = PBXFileReference; fileEncoding = 4; lastKnownFileType = sourcecode.swift; name = ARBiographyViewController.swift; path = ViewControllers/ARBiographyViewController.swift; sourceTree = "<group>"; };
		28AAF30D1BA399B50079A936 /* ARVideosViewController.swift */ = {isa = PBXFileReference; fileEncoding = 4; lastKnownFileType = sourcecode.swift; path = ARVideosViewController.swift; sourceTree = "<group>"; };
		28AAF30F1BA399DD0079A936 /* ARImagesViewController.swift */ = {isa = PBXFileReference; fileEncoding = 4; lastKnownFileType = sourcecode.swift; name = ARImagesViewController.swift; path = ViewControllers/ARImagesViewController.swift; sourceTree = "<group>"; };
		28AAF3111BA39A010079A936 /* ARInstagramViewController.swift */ = {isa = PBXFileReference; fileEncoding = 4; lastKnownFileType = sourcecode.swift; name = ARInstagramViewController.swift; path = ViewControllers/ARInstagramViewController.swift; sourceTree = "<group>"; };
		28AAF3131BA39A280079A936 /* ARSettingsViewController.swift */ = {isa = PBXFileReference; fileEncoding = 4; lastKnownFileType = sourcecode.swift; name = ARSettingsViewController.swift; path = ViewControllers/ARSettingsViewController.swift; sourceTree = "<group>"; };
		28AAF3151BA39A510079A936 /* ARTwitterViewController.swift */ = {isa = PBXFileReference; fileEncoding = 4; lastKnownFileType = sourcecode.swift; name = ARTwitterViewController.swift; path = ViewControllers/ARTwitterViewController.swift; sourceTree = "<group>"; };
		28AAF3201BA39CFB0079A936 /* Base */ = {isa = PBXFileReference; lastKnownFileType = text.plist.strings; name = Base; path = Base.lproj/Localizable.strings; sourceTree = "<group>"; };
		28AAF3221BA39D720079A936 /* es-MX */ = {isa = PBXFileReference; lastKnownFileType = text.plist.strings; name = "es-MX"; path = "es-MX.lproj/Localizable.strings"; sourceTree = "<group>"; };
		28AAF3231BA39D7E0079A936 /* en */ = {isa = PBXFileReference; lastKnownFileType = text.plist.strings; name = en; path = en.lproj/Localizable.strings; sourceTree = "<group>"; };
		28AAF3241BA3A3C30079A936 /* ARConstants.swift */ = {isa = PBXFileReference; fileEncoding = 4; lastKnownFileType = sourcecode.swift; path = ARConstants.swift; sourceTree = "<group>"; };
		28F0B5F21BC054DA006D0A7A /* ARProfileViewCell.swift */ = {isa = PBXFileReference; fileEncoding = 4; lastKnownFileType = sourcecode.swift; name = ARProfileViewCell.swift; path = AdditionalViews/BiographyCells/ARProfileViewCell.swift; sourceTree = "<group>"; };
		28F0B5F51BC05A7D006D0A7A /* ARInfosCell.swift */ = {isa = PBXFileReference; fileEncoding = 4; lastKnownFileType = sourcecode.swift; name = ARInfosCell.swift; path = AdditionalViews/BiographyCells/ARInfosCell.swift; sourceTree = "<group>"; };
		28F0B5F71BC05A9C006D0A7A /* ARImagesCell.swift */ = {isa = PBXFileReference; fileEncoding = 4; lastKnownFileType = sourcecode.swift; name = ARImagesCell.swift; path = AdditionalViews/BiographyCells/ARImagesCell.swift; sourceTree = "<group>"; };
		28F0B5FB1BC05ACD006D0A7A /* ARVideosCell.swift */ = {isa = PBXFileReference; fileEncoding = 4; lastKnownFileType = sourcecode.swift; name = ARVideosCell.swift; path = AdditionalViews/BiographyCells/ARVideosCell.swift; sourceTree = "<group>"; };
		28F0B5FE1BC085D2006D0A7A /* ARSkaterCell.swift */ = {isa = PBXFileReference; fileEncoding = 4; lastKnownFileType = sourcecode.swift; name = ARSkaterCell.swift; path = AdditionalViews/ARSkaterCell.swift; sourceTree = "<group>"; };
		28F0B6001BC08740006D0A7A /* ARListBiographiesViewController.swift */ = {isa = PBXFileReference; fileEncoding = 4; lastKnownFileType = sourcecode.swift; name = ARListBiographiesViewController.swift; path = ViewControllers/ARListBiographiesViewController.swift; sourceTree = "<group>"; };
		28F0B6021BC14D7E006D0A7A /* ARMenuCell.swift */ = {isa = PBXFileReference; fileEncoding = 4; lastKnownFileType = sourcecode.swift; name = ARMenuCell.swift; path = AdditionalViews/ARMenuCell.swift; sourceTree = "<group>"; };
		28F0B6061BC153CD006D0A7A /* ARExtensions.swift */ = {isa = PBXFileReference; fileEncoding = 4; lastKnownFileType = sourcecode.swift; path = ARExtensions.swift; sourceTree = "<group>"; };
		28F0B6091BC15742006D0A7A /* ARSkater.swift */ = {isa = PBXFileReference; fileEncoding = 4; lastKnownFileType = sourcecode.swift; name = ARSkater.swift; path = Models/ARSkater.swift; sourceTree = "<group>"; };
		5D0128AFB5D4F6E9805A3160 /* Pods-ArmiesSwift.release.xcconfig */ = {isa = PBXFileReference; includeInIndex = 1; lastKnownFileType = text.xcconfig; name = "Pods-ArmiesSwift.release.xcconfig"; path = "Pods/Target Support Files/Pods-ArmiesSwift/Pods-ArmiesSwift.release.xcconfig"; sourceTree = "<group>"; };
		7F10A7B40B51B9BE46C1E157 /* Pods-ArmiesSwift.debug.xcconfig */ = {isa = PBXFileReference; includeInIndex = 1; lastKnownFileType = text.xcconfig; name = "Pods-ArmiesSwift.debug.xcconfig"; path = "Pods/Target Support Files/Pods-ArmiesSwift/Pods-ArmiesSwift.debug.xcconfig"; sourceTree = "<group>"; };
		B64B61BF1BE6C89A0074E029 /* Accounts.framework */ = {isa = PBXFileReference; lastKnownFileType = wrapper.framework; name = Accounts.framework; path = System/Library/Frameworks/Accounts.framework; sourceTree = SDKROOT; };
		B64B61C11BE6C8A00074E029 /* Twitter.framework */ = {isa = PBXFileReference; lastKnownFileType = wrapper.framework; name = Twitter.framework; path = System/Library/Frameworks/Twitter.framework; sourceTree = SDKROOT; };
		B64B61C31BE6C8A70074E029 /* Social.framework */ = {isa = PBXFileReference; lastKnownFileType = wrapper.framework; name = Social.framework; path = System/Library/Frameworks/Social.framework; sourceTree = SDKROOT; };
		B64B61C51BE6C8B10074E029 /* Security.framework */ = {isa = PBXFileReference; lastKnownFileType = wrapper.framework; name = Security.framework; path = System/Library/Frameworks/Security.framework; sourceTree = SDKROOT; };
		B64B61C71BE6D29C0074E029 /* ARTwitter.swift */ = {isa = PBXFileReference; fileEncoding = 4; lastKnownFileType = sourcecode.swift; name = ARTwitter.swift; path = Models/ARTwitter.swift; sourceTree = "<group>"; };
		B64B61C91BE6DC2A0074E029 /* ARTwitterCell.swift */ = {isa = PBXFileReference; fileEncoding = 4; lastKnownFileType = sourcecode.swift; name = ARTwitterCell.swift; path = AdditionalViews/ARTwitterCell.swift; sourceTree = "<group>"; };
		B64B61CB1BE8D6210074E029 /* ARImageCell.swift */ = {isa = PBXFileReference; fileEncoding = 4; lastKnownFileType = sourcecode.swift; name = ARImageCell.swift; path = AdditionalViews/ARImageCell.swift; sourceTree = "<group>"; };
		B64B61CE1BE8E2D10074E029 /* MuestraCarousel.jpg */ = {isa = PBXFileReference; lastKnownFileType = image.jpeg; name = MuestraCarousel.jpg; path = Images/MuestraCarousel.jpg; sourceTree = "<group>"; };
		B64B61CF1BE8E2D10074E029 /* photo.jpg */ = {isa = PBXFileReference; lastKnownFileType = image.jpeg; name = photo.jpg; path = Images/photo.jpg; sourceTree = "<group>"; };
		B64B61D01BE8E2D10074E029 /* reniArmies.jpg */ = {isa = PBXFileReference; lastKnownFileType = image.jpeg; name = reniArmies.jpg; path = Images/reniArmies.jpg; sourceTree = "<group>"; };
		B64B61D51BE8E33A0074E029 /* ArmiesAll.jpg */ = {isa = PBXFileReference; lastKnownFileType = image.jpeg; path = ArmiesAll.jpg; sourceTree = "<group>"; };
		B64B61D61BE8E33A0074E029 /* ArmiesAll1.jpg */ = {isa = PBXFileReference; lastKnownFileType = image.jpeg; path = ArmiesAll1.jpg; sourceTree = "<group>"; };
		B64B61D71BE8E33A0074E029 /* ArmiesAll2.jpg */ = {isa = PBXFileReference; lastKnownFileType = image.jpeg; path = ArmiesAll2.jpg; sourceTree = "<group>"; };
		B64B61D81BE8E33A0074E029 /* ArmiesAll3.jpg */ = {isa = PBXFileReference; lastKnownFileType = image.jpeg; path = ArmiesAll3.jpg; sourceTree = "<group>"; };
		B64B61D91BE8E33A0074E029 /* ArmiesAll4.jpg */ = {isa = PBXFileReference; lastKnownFileType = image.jpeg; path = ArmiesAll4.jpg; sourceTree = "<group>"; };
		B64B61E01BE8E3430074E029 /* InstagramArmies1.jpg */ = {isa = PBXFileReference; lastKnownFileType = image.jpeg; path = InstagramArmies1.jpg; sourceTree = "<group>"; };
		B64B61E11BE8E3430074E029 /* InstagramArmies10.jpg */ = {isa = PBXFileReference; lastKnownFileType = image.jpeg; path = InstagramArmies10.jpg; sourceTree = "<group>"; };
		B64B61E21BE8E3430074E029 /* InstagramArmies11.jpg */ = {isa = PBXFileReference; lastKnownFileType = image.jpeg; path = InstagramArmies11.jpg; sourceTree = "<group>"; };
		B64B61E31BE8E3430074E029 /* InstagramArmies12.jpg */ = {isa = PBXFileReference; lastKnownFileType = image.jpeg; path = InstagramArmies12.jpg; sourceTree = "<group>"; };
		B64B61E41BE8E3430074E029 /* InstagramArmies13.jpg */ = {isa = PBXFileReference; lastKnownFileType = image.jpeg; path = InstagramArmies13.jpg; sourceTree = "<group>"; };
		B64B61E51BE8E3430074E029 /* InstagramArmies14.jpg */ = {isa = PBXFileReference; lastKnownFileType = image.jpeg; path = InstagramArmies14.jpg; sourceTree = "<group>"; };
		B64B61E61BE8E3430074E029 /* InstagramArmies15.jpg */ = {isa = PBXFileReference; lastKnownFileType = image.jpeg; path = InstagramArmies15.jpg; sourceTree = "<group>"; };
		B64B61E71BE8E3430074E029 /* InstagramArmies16.jpg */ = {isa = PBXFileReference; lastKnownFileType = image.jpeg; path = InstagramArmies16.jpg; sourceTree = "<group>"; };
		B64B61E81BE8E3430074E029 /* InstagramArmies17.jpg */ = {isa = PBXFileReference; lastKnownFileType = image.jpeg; path = InstagramArmies17.jpg; sourceTree = "<group>"; };
		B64B61E91BE8E3430074E029 /* InstagramArmies18.jpg */ = {isa = PBXFileReference; lastKnownFileType = image.jpeg; path = InstagramArmies18.jpg; sourceTree = "<group>"; };
		B64B61EA1BE8E3430074E029 /* InstagramArmies19.jpg */ = {isa = PBXFileReference; lastKnownFileType = image.jpeg; path = InstagramArmies19.jpg; sourceTree = "<group>"; };
		B64B61EB1BE8E3430074E029 /* InstagramArmies2.jpg */ = {isa = PBXFileReference; lastKnownFileType = image.jpeg; path = InstagramArmies2.jpg; sourceTree = "<group>"; };
		B64B61EC1BE8E3430074E029 /* InstagramArmies20.jpg */ = {isa = PBXFileReference; lastKnownFileType = image.jpeg; path = InstagramArmies20.jpg; sourceTree = "<group>"; };
		B64B61ED1BE8E3430074E029 /* InstagramArmies21.jpg */ = {isa = PBXFileReference; lastKnownFileType = image.jpeg; path = InstagramArmies21.jpg; sourceTree = "<group>"; };
		B64B61EE1BE8E3430074E029 /* InstagramArmies22.jpg */ = {isa = PBXFileReference; lastKnownFileType = image.jpeg; path = InstagramArmies22.jpg; sourceTree = "<group>"; };
		B64B61EF1BE8E3430074E029 /* InstagramArmies3.jpg */ = {isa = PBXFileReference; lastKnownFileType = image.jpeg; path = InstagramArmies3.jpg; sourceTree = "<group>"; };
		B64B61F01BE8E3430074E029 /* InstagramArmies4.jpg */ = {isa = PBXFileReference; lastKnownFileType = image.jpeg; path = InstagramArmies4.jpg; sourceTree = "<group>"; };
		B64B61F11BE8E3430074E029 /* InstagramArmies5.jpg */ = {isa = PBXFileReference; lastKnownFileType = image.jpeg; path = InstagramArmies5.jpg; sourceTree = "<group>"; };
		B64B61F21BE8E3430074E029 /* InstagramArmies6.jpg */ = {isa = PBXFileReference; lastKnownFileType = image.jpeg; path = InstagramArmies6.jpg; sourceTree = "<group>"; };
		B64B61F31BE8E3430074E029 /* InstagramArmies7.jpg */ = {isa = PBXFileReference; lastKnownFileType = image.jpeg; path = InstagramArmies7.jpg; sourceTree = "<group>"; };
		B64B61F41BE8E3430074E029 /* InstagramArmies8.jpg */ = {isa = PBXFileReference; lastKnownFileType = image.jpeg; path = InstagramArmies8.jpg; sourceTree = "<group>"; };
		B64B61F51BE8E3430074E029 /* InstagramArmies9.jpg */ = {isa = PBXFileReference; lastKnownFileType = image.jpeg; path = InstagramArmies9.jpg; sourceTree = "<group>"; };
		DB29731A17BBA11E8B7061D7 /* Pods_ArmiesSwift.framework */ = {isa = PBXFileReference; explicitFileType = wrapper.framework; includeInIndex = 0; path = Pods_ArmiesSwift.framework; sourceTree = BUILT_PRODUCTS_DIR; };
/* End PBXFileReference section */

/* Begin PBXFrameworksBuildPhase section */
		28AAF2DB1BA38BF00079A936 /* Frameworks */ = {
			isa = PBXFrameworksBuildPhase;
			buildActionMask = 2147483647;
			files = (
				B64B61C61BE6C8B10074E029 /* Security.framework in Frameworks */,
				B64B61C41BE6C8A70074E029 /* Social.framework in Frameworks */,
				B64B61C21BE6C8A00074E029 /* Twitter.framework in Frameworks */,
				B64B61C01BE6C89A0074E029 /* Accounts.framework in Frameworks */,
				200E9C9150BC84C498AF07E2 /* Pods_ArmiesSwift.framework in Frameworks */,
			);
			runOnlyForDeploymentPostprocessing = 0;
		};
/* End PBXFrameworksBuildPhase section */

/* Begin PBXGroup section */
		0CCF9FA5C3465A55B1EE5757 /* Frameworks */ = {
			isa = PBXGroup;
			children = (
				B64B61C51BE6C8B10074E029 /* Security.framework */,
				B64B61C31BE6C8A70074E029 /* Social.framework */,
				B64B61C11BE6C8A00074E029 /* Twitter.framework */,
				B64B61BF1BE6C89A0074E029 /* Accounts.framework */,
				DB29731A17BBA11E8B7061D7 /* Pods_ArmiesSwift.framework */,
			);
			name = Frameworks;
			sourceTree = "<group>";
		};
		28AAF2D51BA38BF00079A936 = {
			isa = PBXGroup;
			children = (
				28AAF2E01BA38BF00079A936 /* ArmiesSwift */,
				28AAF2DF1BA38BF00079A936 /* Products */,
				66E3A84C9E3375E68F4FC5AE /* Pods */,
				0CCF9FA5C3465A55B1EE5757 /* Frameworks */,
			);
			sourceTree = "<group>";
		};
		28AAF2DF1BA38BF00079A936 /* Products */ = {
			isa = PBXGroup;
			children = (
				28AAF2DE1BA38BF00079A936 /* ArmiesSwift.app */,
			);
			name = Products;
			sourceTree = "<group>";
		};
		28AAF2E01BA38BF00079A936 /* ArmiesSwift */ = {
			isa = PBXGroup;
			children = (
				28AAF2E31BA38BF00079A936 /* ARAppDelegate.swift */,
				28AAF3241BA3A3C30079A936 /* ARConstants.swift */,
				28F0B6061BC153CD006D0A7A /* ARExtensions.swift */,
				28F0B5F11BC0548D006D0A7A /* AdditionalViews */,
				28AAF3081BA399420079A936 /* ViewControllers */,
				28F0B6081BC1570E006D0A7A /* Models */,
				28AAF2E11BA38BF00079A936 /* Supporting Files */,
				28AAF3051BA391090079A936 /* Headers */,
			);
			path = ArmiesSwift;
			sourceTree = "<group>";
		};
		28AAF2E11BA38BF00079A936 /* Supporting Files */ = {
			isa = PBXGroup;
			children = (
				B64B61CD1BE8E29C0074E029 /* Images */,
				28AAF2EA1BA38BF00079A936 /* Images.xcassets */,
				28AAF2EC1BA38BF00079A936 /* LaunchScreen.xib */,
				28AAF2E71BA38BF00079A936 /* Main.storyboard */,
				28AAF2E21BA38BF00079A936 /* Info.plist */,
				28AAF3211BA39CFB0079A936 /* Localizable.strings */,
			);
			name = "Supporting Files";
			sourceTree = "<group>";
		};
		28AAF3051BA391090079A936 /* Headers */ = {
			isa = PBXGroup;
			children = (
				28AAF3041BA38FD70079A936 /* Armies-Bridging-Header.h */,
			);
			name = Headers;
			sourceTree = "<group>";
		};
		28AAF3081BA399420079A936 /* ViewControllers */ = {
			isa = PBXGroup;
			children = (
				28614F5E1BA60B780095FC87 /* ARViewController.swift */,
				28AAF3061BA3992F0079A936 /* ARMenuViewController.swift */,
				28AAF3091BA399720079A936 /* ARHomeViewController.swift */,
				28AAF30B1BA399970079A936 /* ARBiographyViewController.swift */,
				28AAF30D1BA399B50079A936 /* ARVideosViewController.swift */,
				28AAF30F1BA399DD0079A936 /* ARImagesViewController.swift */,
				28AAF3111BA39A010079A936 /* ARInstagramViewController.swift */,
				28AAF3131BA39A280079A936 /* ARSettingsViewController.swift */,
				28AAF3151BA39A510079A936 /* ARTwitterViewController.swift */,
				28F0B6001BC08740006D0A7A /* ARListBiographiesViewController.swift */,
			);
			name = ViewControllers;
			sourceTree = "<group>";
		};
		28F0B5F11BC0548D006D0A7A /* AdditionalViews */ = {
			isa = PBXGroup;
			children = (
				B64B61C91BE6DC2A0074E029 /* ARTwitterCell.swift */,
				28F0B6021BC14D7E006D0A7A /* ARMenuCell.swift */,
				28F0B5FE1BC085D2006D0A7A /* ARSkaterCell.swift */,
				B64B61CB1BE8D6210074E029 /* ARImageCell.swift */,
				28F0B5F41BC054E3006D0A7A /* BiographyCells */,
			);
			name = AdditionalViews;
			sourceTree = "<group>";
		};
		28F0B5F41BC054E3006D0A7A /* BiographyCells */ = {
			isa = PBXGroup;
			children = (
				28F0B5FB1BC05ACD006D0A7A /* ARVideosCell.swift */,
				28F0B5F21BC054DA006D0A7A /* ARProfileViewCell.swift */,
				28F0B5F51BC05A7D006D0A7A /* ARInfosCell.swift */,
				28F0B5F71BC05A9C006D0A7A /* ARImagesCell.swift */,
			);
			name = BiographyCells;
			sourceTree = "<group>";
		};
		28F0B6081BC1570E006D0A7A /* Models */ = {
			isa = PBXGroup;
			children = (
				28F0B6091BC15742006D0A7A /* ARSkater.swift */,
				B64B61C71BE6D29C0074E029 /* ARTwitter.swift */,
			);
			name = Models;
			sourceTree = "<group>";
		};
		66E3A84C9E3375E68F4FC5AE /* Pods */ = {
			isa = PBXGroup;
			children = (
				7F10A7B40B51B9BE46C1E157 /* Pods-ArmiesSwift.debug.xcconfig */,
				5D0128AFB5D4F6E9805A3160 /* Pods-ArmiesSwift.release.xcconfig */,
			);
			name = Pods;
			sourceTree = "<group>";
		};
		B64B61CD1BE8E29C0074E029 /* Images */ = {
			isa = PBXGroup;
			children = (
				B64B61DF1BE8E3430074E029 /* ImagesInstagram */,
				B64B61D41BE8E33A0074E029 /* ImagesAll */,
				B64B61CE1BE8E2D10074E029 /* MuestraCarousel.jpg */,
				B64B61CF1BE8E2D10074E029 /* photo.jpg */,
				B64B61D01BE8E2D10074E029 /* reniArmies.jpg */,
			);
			name = Images;
			sourceTree = "<group>";
		};
		B64B61D41BE8E33A0074E029 /* ImagesAll */ = {
			isa = PBXGroup;
			children = (
				B64B61D51BE8E33A0074E029 /* ArmiesAll.jpg */,
				B64B61D61BE8E33A0074E029 /* ArmiesAll1.jpg */,
				B64B61D71BE8E33A0074E029 /* ArmiesAll2.jpg */,
				B64B61D81BE8E33A0074E029 /* ArmiesAll3.jpg */,
				B64B61D91BE8E33A0074E029 /* ArmiesAll4.jpg */,
			);
			name = ImagesAll;
			path = Images/ImagesAll;
			sourceTree = "<group>";
		};
		B64B61DF1BE8E3430074E029 /* ImagesInstagram */ = {
			isa = PBXGroup;
			children = (
				B64B61E01BE8E3430074E029 /* InstagramArmies1.jpg */,
				B64B61E11BE8E3430074E029 /* InstagramArmies10.jpg */,
				B64B61E21BE8E3430074E029 /* InstagramArmies11.jpg */,
				B64B61E31BE8E3430074E029 /* InstagramArmies12.jpg */,
				B64B61E41BE8E3430074E029 /* InstagramArmies13.jpg */,
				B64B61E51BE8E3430074E029 /* InstagramArmies14.jpg */,
				B64B61E61BE8E3430074E029 /* InstagramArmies15.jpg */,
				B64B61E71BE8E3430074E029 /* InstagramArmies16.jpg */,
				B64B61E81BE8E3430074E029 /* InstagramArmies17.jpg */,
				B64B61E91BE8E3430074E029 /* InstagramArmies18.jpg */,
				B64B61EA1BE8E3430074E029 /* InstagramArmies19.jpg */,
				B64B61EB1BE8E3430074E029 /* InstagramArmies2.jpg */,
				B64B61EC1BE8E3430074E029 /* InstagramArmies20.jpg */,
				B64B61ED1BE8E3430074E029 /* InstagramArmies21.jpg */,
				B64B61EE1BE8E3430074E029 /* InstagramArmies22.jpg */,
				B64B61EF1BE8E3430074E029 /* InstagramArmies3.jpg */,
				B64B61F01BE8E3430074E029 /* InstagramArmies4.jpg */,
				B64B61F11BE8E3430074E029 /* InstagramArmies5.jpg */,
				B64B61F21BE8E3430074E029 /* InstagramArmies6.jpg */,
				B64B61F31BE8E3430074E029 /* InstagramArmies7.jpg */,
				B64B61F41BE8E3430074E029 /* InstagramArmies8.jpg */,
				B64B61F51BE8E3430074E029 /* InstagramArmies9.jpg */,
			);
			name = ImagesInstagram;
			path = Images/ImagesInstagram;
			sourceTree = "<group>";
		};
/* End PBXGroup section */

/* Begin PBXNativeTarget section */
		28AAF2DD1BA38BF00079A936 /* ArmiesSwift */ = {
			isa = PBXNativeTarget;
			buildConfigurationList = 28AAF2FD1BA38BF10079A936 /* Build configuration list for PBXNativeTarget "ArmiesSwift" */;
			buildPhases = (
				052129C4604CEC8B95FC2392 /* Check Pods Manifest.lock */,
				28AAF2DA1BA38BF00079A936 /* Sources */,
				28AAF2DB1BA38BF00079A936 /* Frameworks */,
				28AAF2DC1BA38BF00079A936 /* Resources */,
				599F5DEC7F9ED541BE3A12F1 /* Copy Pods Resources */,
				876CE412ACE60D7DCA06A97F /* Embed Pods Frameworks */,
			);
			buildRules = (
			);
			dependencies = (
			);
			name = ArmiesSwift;
			productName = ArmiesSwift;
			productReference = 28AAF2DE1BA38BF00079A936 /* ArmiesSwift.app */;
			productType = "com.apple.product-type.application";
		};
/* End PBXNativeTarget section */

/* Begin PBXProject section */
		28AAF2D61BA38BF00079A936 /* Project object */ = {
			isa = PBXProject;
			attributes = {
				LastSwiftUpdateCheck = 0700;
				LastUpgradeCheck = 0700;
				ORGANIZATIONNAME = RAM;
				TargetAttributes = {
					28AAF2DD1BA38BF00079A936 = {
						CreatedOnToolsVersion = 6.4;
						DevelopmentTeam = WEUMM3X4MB;
					};
				};
			};
			buildConfigurationList = 28AAF2D91BA38BF00079A936 /* Build configuration list for PBXProject "ArmiesSwift" */;
			compatibilityVersion = "Xcode 3.2";
			developmentRegion = English;
			hasScannedForEncodings = 0;
			knownRegions = (
				Base,
				"es-MX",
				en,
			);
			mainGroup = 28AAF2D51BA38BF00079A936;
			productRefGroup = 28AAF2DF1BA38BF00079A936 /* Products */;
			projectDirPath = "";
			projectRoot = "";
			targets = (
				28AAF2DD1BA38BF00079A936 /* ArmiesSwift */,
			);
		};
/* End PBXProject section */

/* Begin PBXResourcesBuildPhase section */
		28AAF2DC1BA38BF00079A936 /* Resources */ = {
			isa = PBXResourcesBuildPhase;
			buildActionMask = 2147483647;
			files = (
				28AAF2E91BA38BF00079A936 /* Main.storyboard in Resources */,
				B64B62091BE8E3430074E029 /* InstagramArmies7.jpg in Resources */,
				B64B62001BE8E3430074E029 /* InstagramArmies19.jpg in Resources */,
				B64B620A1BE8E3430074E029 /* InstagramArmies8.jpg in Resources */,
				B64B62041BE8E3430074E029 /* InstagramArmies22.jpg in Resources */,
				B64B61F61BE8E3430074E029 /* InstagramArmies1.jpg in Resources */,
				B64B61FB1BE8E3430074E029 /* InstagramArmies14.jpg in Resources */,
				B64B61FA1BE8E3430074E029 /* InstagramArmies13.jpg in Resources */,
				28AAF31F1BA39CFB0079A936 /* Localizable.strings in Resources */,
				B64B61D21BE8E2D10074E029 /* photo.jpg in Resources */,
				B64B61DD1BE8E33A0074E029 /* ArmiesAll3.jpg in Resources */,
				B64B61FC1BE8E3430074E029 /* InstagramArmies15.jpg in Resources */,
				28AAF2EE1BA38BF00079A936 /* LaunchScreen.xib in Resources */,
				B64B61D11BE8E2D10074E029 /* MuestraCarousel.jpg in Resources */,
				B64B61DB1BE8E33A0074E029 /* ArmiesAll1.jpg in Resources */,
				B64B620B1BE8E3430074E029 /* InstagramArmies9.jpg in Resources */,
				B64B62011BE8E3430074E029 /* InstagramArmies2.jpg in Resources */,
				B64B61F81BE8E3430074E029 /* InstagramArmies11.jpg in Resources */,
				B64B61D31BE8E2D10074E029 /* reniArmies.jpg in Resources */,
				B64B61DC1BE8E33A0074E029 /* ArmiesAll2.jpg in Resources */,
				B64B62031BE8E3430074E029 /* InstagramArmies21.jpg in Resources */,
				B64B61F71BE8E3430074E029 /* InstagramArmies10.jpg in Resources */,
				B64B61DA1BE8E33A0074E029 /* ArmiesAll.jpg in Resources */,
				B64B61FF1BE8E3430074E029 /* InstagramArmies18.jpg in Resources */,
				B64B62061BE8E3430074E029 /* InstagramArmies4.jpg in Resources */,
				B64B62051BE8E3430074E029 /* InstagramArmies3.jpg in Resources */,
				B64B62081BE8E3430074E029 /* InstagramArmies6.jpg in Resources */,
				28AAF2EB1BA38BF00079A936 /* Images.xcassets in Resources */,
				B64B62021BE8E3430074E029 /* InstagramArmies20.jpg in Resources */,
				B64B61FE1BE8E3430074E029 /* InstagramArmies17.jpg in Resources */,
				B64B61F91BE8E3430074E029 /* InstagramArmies12.jpg in Resources */,
				B64B62071BE8E3430074E029 /* InstagramArmies5.jpg in Resources */,
				B64B61FD1BE8E3430074E029 /* InstagramArmies16.jpg in Resources */,
				B64B61DE1BE8E33A0074E029 /* ArmiesAll4.jpg in Resources */,
			);
			runOnlyForDeploymentPostprocessing = 0;
		};
/* End PBXResourcesBuildPhase section */

/* Begin PBXShellScriptBuildPhase section */
		052129C4604CEC8B95FC2392 /* Check Pods Manifest.lock */ = {
			isa = PBXShellScriptBuildPhase;
			buildActionMask = 2147483647;
			files = (
			);
			inputPaths = (
			);
			name = "Check Pods Manifest.lock";
			outputPaths = (
			);
			runOnlyForDeploymentPostprocessing = 0;
			shellPath = /bin/sh;
			shellScript = "diff \"${PODS_ROOT}/../Podfile.lock\" \"${PODS_ROOT}/Manifest.lock\" > /dev/null\nif [[ $? != 0 ]] ; then\n    cat << EOM\nerror: The sandbox is not in sync with the Podfile.lock. Run 'pod install' or update your CocoaPods installation.\nEOM\n    exit 1\nfi\n";
			showEnvVarsInLog = 0;
		};
		599F5DEC7F9ED541BE3A12F1 /* Copy Pods Resources */ = {
			isa = PBXShellScriptBuildPhase;
			buildActionMask = 2147483647;
			files = (
			);
			inputPaths = (
			);
			name = "Copy Pods Resources";
			outputPaths = (
			);
			runOnlyForDeploymentPostprocessing = 0;
			shellPath = /bin/sh;
			shellScript = "\"${SRCROOT}/Pods/Target Support Files/Pods-ArmiesSwift/Pods-ArmiesSwift-resources.sh\"\n";
			showEnvVarsInLog = 0;
		};
		876CE412ACE60D7DCA06A97F /* Embed Pods Frameworks */ = {
			isa = PBXShellScriptBuildPhase;
			buildActionMask = 2147483647;
			files = (
			);
			inputPaths = (
			);
			name = "Embed Pods Frameworks";
			outputPaths = (
			);
			runOnlyForDeploymentPostprocessing = 0;
			shellPath = /bin/sh;
			shellScript = "\"${SRCROOT}/Pods/Target Support Files/Pods-ArmiesSwift/Pods-ArmiesSwift-frameworks.sh\"\n";
			showEnvVarsInLog = 0;
		};
/* End PBXShellScriptBuildPhase section */

/* Begin PBXSourcesBuildPhase section */
		28AAF2DA1BA38BF00079A936 /* Sources */ = {
			isa = PBXSourcesBuildPhase;
			buildActionMask = 2147483647;
			files = (
				28F0B6071BC153CD006D0A7A /* ARExtensions.swift in Sources */,
				28AAF3161BA39A510079A936 /* ARTwitterViewController.swift in Sources */,
				28AAF3071BA3992F0079A936 /* ARMenuViewController.swift in Sources */,
				B64B61C81BE6D29C0074E029 /* ARTwitter.swift in Sources */,
				28AAF30C1BA399970079A936 /* ARBiographyViewController.swift in Sources */,
				28AAF2E41BA38BF00079A936 /* ARAppDelegate.swift in Sources */,
				B64B61CA1BE6DC2A0074E029 /* ARTwitterCell.swift in Sources */,
				28F0B5F61BC05A7D006D0A7A /* ARInfosCell.swift in Sources */,
				28AAF30E1BA399B50079A936 /* ARVideosViewController.swift in Sources */,
				28F0B5F31BC054DA006D0A7A /* ARProfileViewCell.swift in Sources */,
				28AAF3141BA39A280079A936 /* ARSettingsViewController.swift in Sources */,
				28AAF3251BA3A3C30079A936 /* ARConstants.swift in Sources */,
				28F0B60A1BC15742006D0A7A /* ARSkater.swift in Sources */,
				28AAF30A1BA399720079A936 /* ARHomeViewController.swift in Sources */,
				28F0B5FF1BC085D2006D0A7A /* ARSkaterCell.swift in Sources */,
				28AAF3121BA39A010079A936 /* ARInstagramViewController.swift in Sources */,
				28F0B6011BC08740006D0A7A /* ARListBiographiesViewController.swift in Sources */,
				28AAF3101BA399DD0079A936 /* ARImagesViewController.swift in Sources */,
				B64B61CC1BE8D6210074E029 /* ARImageCell.swift in Sources */,
				28F0B5F81BC05A9C006D0A7A /* ARImagesCell.swift in Sources */,
				28F0B6031BC14D7E006D0A7A /* ARMenuCell.swift in Sources */,
				28F0B5FC1BC05ACD006D0A7A /* ARVideosCell.swift in Sources */,
				28614F5F1BA60B780095FC87 /* ARViewController.swift in Sources */,
			);
			runOnlyForDeploymentPostprocessing = 0;
		};
/* End PBXSourcesBuildPhase section */

/* Begin PBXVariantGroup section */
		28AAF2E71BA38BF00079A936 /* Main.storyboard */ = {
			isa = PBXVariantGroup;
			children = (
				28AAF2E81BA38BF00079A936 /* Base */,
			);
			name = Main.storyboard;
			sourceTree = "<group>";
		};
		28AAF2EC1BA38BF00079A936 /* LaunchScreen.xib */ = {
			isa = PBXVariantGroup;
			children = (
				28AAF2ED1BA38BF00079A936 /* Base */,
			);
			name = LaunchScreen.xib;
			sourceTree = "<group>";
		};
		28AAF3211BA39CFB0079A936 /* Localizable.strings */ = {
			isa = PBXVariantGroup;
			children = (
				28AAF3201BA39CFB0079A936 /* Base */,
				28AAF3221BA39D720079A936 /* es-MX */,
				28AAF3231BA39D7E0079A936 /* en */,
			);
			name = Localizable.strings;
			path = Localization;
			sourceTree = "<group>";
		};
/* End PBXVariantGroup section */

/* Begin XCBuildConfiguration section */
		28AAF2FB1BA38BF10079A936 /* Debug */ = {
			isa = XCBuildConfiguration;
			buildSettings = {
				ALWAYS_SEARCH_USER_PATHS = NO;
				CLANG_CXX_LANGUAGE_STANDARD = "gnu++0x";
				CLANG_CXX_LIBRARY = "libc++";
				CLANG_ENABLE_MODULES = YES;
				CLANG_ENABLE_OBJC_ARC = YES;
				CLANG_WARN_BOOL_CONVERSION = YES;
				CLANG_WARN_CONSTANT_CONVERSION = YES;
				CLANG_WARN_DIRECT_OBJC_ISA_USAGE = YES_ERROR;
				CLANG_WARN_EMPTY_BODY = YES;
				CLANG_WARN_ENUM_CONVERSION = YES;
				CLANG_WARN_INT_CONVERSION = YES;
				CLANG_WARN_OBJC_ROOT_CLASS = YES_ERROR;
				CLANG_WARN_UNREACHABLE_CODE = YES;
				CLANG_WARN__DUPLICATE_METHOD_MATCH = YES;
				"CODE_SIGN_IDENTITY[sdk=iphoneos*]" = "iPhone Developer";
				COPY_PHASE_STRIP = NO;
				DEBUG_INFORMATION_FORMAT = "dwarf-with-dsym";
				ENABLE_STRICT_OBJC_MSGSEND = YES;
				ENABLE_TESTABILITY = YES;
				GCC_C_LANGUAGE_STANDARD = gnu99;
				GCC_DYNAMIC_NO_PIC = NO;
				GCC_NO_COMMON_BLOCKS = YES;
				GCC_OPTIMIZATION_LEVEL = 0;
				GCC_PREPROCESSOR_DEFINITIONS = (
					"DEBUG=1",
					"$(inherited)",
				);
				GCC_SYMBOLS_PRIVATE_EXTERN = NO;
				GCC_WARN_64_TO_32_BIT_CONVERSION = YES;
				GCC_WARN_ABOUT_RETURN_TYPE = YES_ERROR;
				GCC_WARN_UNDECLARED_SELECTOR = YES;
				GCC_WARN_UNINITIALIZED_AUTOS = YES_AGGRESSIVE;
				GCC_WARN_UNUSED_FUNCTION = YES;
				GCC_WARN_UNUSED_VARIABLE = YES;
				IPHONEOS_DEPLOYMENT_TARGET = 8.4;
				MTL_ENABLE_DEBUG_INFO = YES;
				ONLY_ACTIVE_ARCH = YES;
				SDKROOT = iphoneos;
				SWIFT_OBJC_BRIDGING_HEADER = "";
				SWIFT_OPTIMIZATION_LEVEL = "-Onone";
			};
			name = Debug;
		};
		28AAF2FC1BA38BF10079A936 /* Release */ = {
			isa = XCBuildConfiguration;
			buildSettings = {
				ALWAYS_SEARCH_USER_PATHS = NO;
				CLANG_CXX_LANGUAGE_STANDARD = "gnu++0x";
				CLANG_CXX_LIBRARY = "libc++";
				CLANG_ENABLE_MODULES = YES;
				CLANG_ENABLE_OBJC_ARC = YES;
				CLANG_WARN_BOOL_CONVERSION = YES;
				CLANG_WARN_CONSTANT_CONVERSION = YES;
				CLANG_WARN_DIRECT_OBJC_ISA_USAGE = YES_ERROR;
				CLANG_WARN_EMPTY_BODY = YES;
				CLANG_WARN_ENUM_CONVERSION = YES;
				CLANG_WARN_INT_CONVERSION = YES;
				CLANG_WARN_OBJC_ROOT_CLASS = YES_ERROR;
				CLANG_WARN_UNREACHABLE_CODE = YES;
				CLANG_WARN__DUPLICATE_METHOD_MATCH = YES;
				"CODE_SIGN_IDENTITY[sdk=iphoneos*]" = "iPhone Developer";
				COPY_PHASE_STRIP = NO;
				DEBUG_INFORMATION_FORMAT = "dwarf-with-dsym";
				ENABLE_NS_ASSERTIONS = NO;
				ENABLE_STRICT_OBJC_MSGSEND = YES;
				GCC_C_LANGUAGE_STANDARD = gnu99;
				GCC_NO_COMMON_BLOCKS = YES;
				GCC_WARN_64_TO_32_BIT_CONVERSION = YES;
				GCC_WARN_ABOUT_RETURN_TYPE = YES_ERROR;
				GCC_WARN_UNDECLARED_SELECTOR = YES;
				GCC_WARN_UNINITIALIZED_AUTOS = YES_AGGRESSIVE;
				GCC_WARN_UNUSED_FUNCTION = YES;
				GCC_WARN_UNUSED_VARIABLE = YES;
				IPHONEOS_DEPLOYMENT_TARGET = 8.4;
				MTL_ENABLE_DEBUG_INFO = NO;
				SDKROOT = iphoneos;
				SWIFT_OBJC_BRIDGING_HEADER = "";
				VALIDATE_PRODUCT = YES;
			};
			name = Release;
		};
		28AAF2FE1BA38BF10079A936 /* Debug */ = {
			isa = XCBuildConfiguration;
			baseConfigurationReference = 7F10A7B40B51B9BE46C1E157 /* Pods-ArmiesSwift.debug.xcconfig */;
			buildSettings = {
				ASSETCATALOG_COMPILER_APPICON_NAME = AppIcon;
				CODE_SIGN_IDENTITY = "iPhone Developer";
				"CODE_SIGN_IDENTITY[sdk=iphoneos*]" = "iPhone Developer";
				INFOPLIST_FILE = ArmiesSwift/Info.plist;
				LD_RUNPATH_SEARCH_PATHS = "$(inherited) @executable_path/Frameworks";
				PRODUCT_BUNDLE_IDENTIFIER = "com.ram.$(PRODUCT_NAME:rfc1034identifier)";
				PRODUCT_NAME = "$(TARGET_NAME)";
				PROVISIONING_PROFILE = "";
				SWIFT_OBJC_BRIDGING_HEADER = "ArmiesSwift/Headers/Armies-Bridging-Header.h";
			};
			name = Debug;
		};
		28AAF2FF1BA38BF10079A936 /* Release */ = {
			isa = XCBuildConfiguration;
			baseConfigurationReference = 5D0128AFB5D4F6E9805A3160 /* Pods-ArmiesSwift.release.xcconfig */;
			buildSettings = {
				ASSETCATALOG_COMPILER_APPICON_NAME = AppIcon;
				CODE_SIGN_IDENTITY = "iPhone Developer";
				"CODE_SIGN_IDENTITY[sdk=iphoneos*]" = "iPhone Developer";
				INFOPLIST_FILE = ArmiesSwift/Info.plist;
				LD_RUNPATH_SEARCH_PATHS = "$(inherited) @executable_path/Frameworks";
				PRODUCT_BUNDLE_IDENTIFIER = "com.ram.$(PRODUCT_NAME:rfc1034identifier)";
				PRODUCT_NAME = "$(TARGET_NAME)";
				PROVISIONING_PROFILE = "";
				SWIFT_OBJC_BRIDGING_HEADER = "ArmiesSwift/Headers/Armies-Bridging-Header.h";
			};
			name = Release;
		};
/* End XCBuildConfiguration section */

/* Begin XCConfigurationList section */
		28AAF2D91BA38BF00079A936 /* Build configuration list for PBXProject "ArmiesSwift" */ = {
			isa = XCConfigurationList;
			buildConfigurations = (
				28AAF2FB1BA38BF10079A936 /* Debug */,
				28AAF2FC1BA38BF10079A936 /* Release */,
			);
			defaultConfigurationIsVisible = 0;
			defaultConfigurationName = Release;
		};
		28AAF2FD1BA38BF10079A936 /* Build configuration list for PBXNativeTarget "ArmiesSwift" */ = {
			isa = XCConfigurationList;
			buildConfigurations = (
				28AAF2FE1BA38BF10079A936 /* Debug */,
				28AAF2FF1BA38BF10079A936 /* Release */,
			);
			defaultConfigurationIsVisible = 0;
			defaultConfigurationName = Release;
		};
/* End XCConfigurationList section */
	};
	rootObject = 28AAF2D61BA38BF00079A936 /* Project object */;
}
